
Microsoft Visual Studio Solution File, Format Version 12.00
# Visual Studio 15
Project("{FAE04EC0-301F-11D3-BF4B-00C04F79EFBC}") = "Assembly-CSharp", "Assembly-CSharp.csproj", "{36A0BBD0-A6AB-99F8-74AA-D3C770F78878}"
EndProject
Project("{FAE04EC0-301F-11D3-BF4B-00C04F79EFBC}") = "Assembly-CSharp-Editor", "Assembly-CSharp-Editor.csproj", "{A24F7133-9F3D-EBFC-819D-9627F9AE42D1}"
EndProject
Global
	GlobalSection(SolutionConfigurationPlatforms) = preSolution
		Debug|Any CPU = Debug|Any CPU
		Release|Any CPU = Release|Any CPU
	EndGlobalSection
	GlobalSection(ProjectConfigurationPlatforms) = postSolution
		{36A0BBD0-A6AB-99F8-74AA-D3C770F78878}.Debug|Any CPU.ActiveCfg = Debug|Any CPU
		{36A0BBD0-A6AB-99F8-74AA-D3C770F78878}.Debug|Any CPU.Build.0 = Debug|Any CPU
		{36A0BBD0-A6AB-99F8-74AA-D3C770F78878}.Release|Any CPU.ActiveCfg = Release|Any CPU
		{36A0BBD0-A6AB-99F8-74AA-D3C770F78878}.Release|Any CPU.Build.0 = Release|Any CPU
		{A24F7133-9F3D-EBFC-819D-9627F9AE42D1}.Debug|Any CPU.ActiveCfg = Debug|Any CPU
		{A24F7133-9F3D-EBFC-819D-9627F9AE42D1}.Debug|Any CPU.Build.0 = Debug|Any CPU
		{A24F7133-9F3D-EBFC-819D-9627F9AE42D1}.Release|Any CPU.ActiveCfg = Release|Any CPU
		{A24F7133-9F3D-EBFC-819D-9627F9AE42D1}.Release|Any CPU.Build.0 = Release|Any CPU
	EndGlobalSection
	GlobalSection(SolutionProperties) = preSolution
		HideSolutionNode = FALSE
	EndGlobalSection
EndGlobal
