
Microsoft Visual Studio Solution File, Format Version 12.00
# Visual Studio 15
Project("{FAE04EC0-301F-11D3-BF4B-00C04F79EFBC}") = "Assembly-CSharp-firstpass", "Assembly-CSharp-firstpass.csproj", "{95BC5090-1DB6-8E8B-823A-61ADD6BB621C}"
EndProject
Project("{FAE04EC0-301F-11D3-BF4B-00C04F79EFBC}") = "Assembly-CSharp", "Assembly-CSharp.csproj", "{9A0F2B65-A1D8-2F32-2BEF-486B6B93CC36}"
EndProject
Project("{FAE04EC0-301F-11D3-BF4B-00C04F79EFBC}") = "Assembly-CSharp-Editor-firstpass", "Assembly-CSharp-Editor-firstpass.csproj", "{9FD1DA5E-095F-F605-63F1-10513C1E0D99}"
EndProject
Global
	GlobalSection(SolutionConfigurationPlatforms) = preSolution
		Debug|Any CPU = Debug|Any CPU
		Release|Any CPU = Release|Any CPU
	EndGlobalSection
	GlobalSection(ProjectConfigurationPlatforms) = postSolution
		{95BC5090-1DB6-8E8B-823A-61ADD6BB621C}.Debug|Any CPU.ActiveCfg = Debug|Any CPU
		{95BC5090-1DB6-8E8B-823A-61ADD6BB621C}.Debug|Any CPU.Build.0 = Debug|Any CPU
		{95BC5090-1DB6-8E8B-823A-61ADD6BB621C}.Release|Any CPU.ActiveCfg = Release|Any CPU
		{95BC5090-1DB6-8E8B-823A-61ADD6BB621C}.Release|Any CPU.Build.0 = Release|Any CPU
		{9A0F2B65-A1D8-2F32-2BEF-486B6B93CC36}.Debug|Any CPU.ActiveCfg = Debug|Any CPU
		{9A0F2B65-A1D8-2F32-2BEF-486B6B93CC36}.Debug|Any CPU.Build.0 = Debug|Any CPU
		{9A0F2B65-A1D8-2F32-2BEF-486B6B93CC36}.Release|Any CPU.ActiveCfg = Release|Any CPU
		{9A0F2B65-A1D8-2F32-2BEF-486B6B93CC36}.Release|Any CPU.Build.0 = Release|Any CPU
		{9FD1DA5E-095F-F605-63F1-10513C1E0D99}.Debug|Any CPU.ActiveCfg = Debug|Any CPU
		{9FD1DA5E-095F-F605-63F1-10513C1E0D99}.Debug|Any CPU.Build.0 = Debug|Any CPU
		{9FD1DA5E-095F-F605-63F1-10513C1E0D99}.Release|Any CPU.ActiveCfg = Release|Any CPU
		{9FD1DA5E-095F-F605-63F1-10513C1E0D99}.Release|Any CPU.Build.0 = Release|Any CPU
	EndGlobalSection
	GlobalSection(SolutionProperties) = preSolution
		HideSolutionNode = FALSE
	EndGlobalSection
EndGlobal
